
Microsoft Visual Studio Solution File, Format Version 12.00
# Visual Studio Version 16
VisualStudioVersion = 16.0.29215.179
MinimumVisualStudioVersion = 10.0.40219.1
Project("{FAE04EC0-301F-11D3-BF4B-00C04F79EFBC}") = "eP Game Framework", "eP Game Framework\eP Game Framework.csproj", "{027B80FF-D6CF-4ED0-ABB9-E1F9E89E30C7}"
EndProject
Project("{FAE04EC0-301F-11D3-BF4B-00C04F79EFBC}") = "osu! API", "..\2018年總開發\2018.04月程式開發\osu! API\osu! API\osu! API.csproj", "{68E0577A-EDB4-44B2-A552-BEB115B68619}"
EndProject
Project("{FAE04EC0-301F-11D3-BF4B-00C04F79EFBC}") = "ePGameFramework.Test", "ePGameFramework.Test\ePGameFramework.Test.csproj", "{CE30BBD6-AA6E-4DBF-81E8-F4AB1C0F389F}"
EndProject
Project("{FAE04EC0-301F-11D3-BF4B-00C04F79EFBC}") = "SharpFFMpeg", "SharpFFMpeg\SharpFFMpeg.csproj", "{EABE64DB-9D0E-4462-9A61-F6B2788F3C66}"
EndProject
Global
	GlobalSection(SolutionConfigurationPlatforms) = preSolution
		Debug|Any CPU = Debug|Any CPU
		Release|Any CPU = Release|Any CPU
	EndGlobalSection
	GlobalSection(ProjectConfigurationPlatforms) = postSolution
		{027B80FF-D6CF-4ED0-ABB9-E1F9E89E30C7}.Debug|Any CPU.ActiveCfg = Debug|Any CPU
		{027B80FF-D6CF-4ED0-ABB9-E1F9E89E30C7}.Debug|Any CPU.Build.0 = Debug|Any CPU
		{027B80FF-D6CF-4ED0-ABB9-E1F9E89E30C7}.Release|Any CPU.ActiveCfg = Release|Any CPU
		{027B80FF-D6CF-4ED0-ABB9-E1F9E89E30C7}.Release|Any CPU.Build.0 = Release|Any CPU
		{68E0577A-EDB4-44B2-A552-BEB115B68619}.Debug|Any CPU.ActiveCfg = Debug|Any CPU
		{68E0577A-EDB4-44B2-A552-BEB115B68619}.Debug|Any CPU.Build.0 = Debug|Any CPU
		{68E0577A-EDB4-44B2-A552-BEB115B68619}.Release|Any CPU.ActiveCfg = Release|Any CPU
		{68E0577A-EDB4-44B2-A552-BEB115B68619}.Release|Any CPU.Build.0 = Release|Any CPU
		{CE30BBD6-AA6E-4DBF-81E8-F4AB1C0F389F}.Debug|Any CPU.ActiveCfg = Debug|Any CPU
		{CE30BBD6-AA6E-4DBF-81E8-F4AB1C0F389F}.Debug|Any CPU.Build.0 = Debug|Any CPU
		{CE30BBD6-AA6E-4DBF-81E8-F4AB1C0F389F}.Release|Any CPU.ActiveCfg = Release|Any CPU
		{CE30BBD6-AA6E-4DBF-81E8-F4AB1C0F389F}.Release|Any CPU.Build.0 = Release|Any CPU
		{EABE64DB-9D0E-4462-9A61-F6B2788F3C66}.Debug|Any CPU.ActiveCfg = Debug|Any CPU
		{EABE64DB-9D0E-4462-9A61-F6B2788F3C66}.Debug|Any CPU.Build.0 = Debug|Any CPU
		{EABE64DB-9D0E-4462-9A61-F6B2788F3C66}.Release|Any CPU.ActiveCfg = Release|Any CPU
		{EABE64DB-9D0E-4462-9A61-F6B2788F3C66}.Release|Any CPU.Build.0 = Release|Any CPU
	EndGlobalSection
	GlobalSection(SolutionProperties) = preSolution
		HideSolutionNode = FALSE
	EndGlobalSection
	GlobalSection(ExtensibilityGlobals) = postSolution
		SolutionGuid = {BA01A954-A930-43DD-9CE9-645C21B2ECB1}
	EndGlobalSection
EndGlobal
